
Microsoft Visual Studio Solution File, Format Version 12.00
# Visual Studio 15
VisualStudioVersion = 15.0.27520.0
MinimumVisualStudioVersion = 10.0.40219.1
Project("{2150E333-8FDC-42A3-9474-1A3956D46DE8}") = "01.线程基础", "01.线程基础", "{80108EF0-9C71-42B8-B420-534FA6868A8A}"
EndProject
Project("{FAE04EC0-301F-11D3-BF4B-00C04F79EFBC}") = "1.1.暂停线程", "1.1.暂停线程\1.1.暂停线程.csproj", "{5D56DE36-9D22-424D-9487-198B4D51C144}"
EndProject
Project("{FAE04EC0-301F-11D3-BF4B-00C04F79EFBC}") = "1.2.线程等待", "1.2.线程等待\1.2.线程等待.csproj", "{7A99B36F-1826-4841-874D-2D36B5D6482F}"
EndProject
Project("{FAE04EC0-301F-11D3-BF4B-00C04F79EFBC}") = "Infrastructure", "Infrastructure\Infrastructure.csproj", "{BE8D27C9-AECE-4B31-A8F7-45C7DC2D1AC1}"
EndProject
Project("{FAE04EC0-301F-11D3-BF4B-00C04F79EFBC}") = "1.3.终止线程", "1.3.终止线程\1.3.终止线程.csproj", "{187D5D02-D9FA-4FE1-BF2B-C284181D94F7}"
EndProject
Project("{FAE04EC0-301F-11D3-BF4B-00C04F79EFBC}") = "1.4.检测线程状态", "1.4.检测线程状态\1.4.检测线程状态.csproj", "{5B0E65AA-C6F7-4028-809B-D2F2461E5FC6}"
EndProject
Project("{FAE04EC0-301F-11D3-BF4B-00C04F79EFBC}") = "1.5.线程优先级", "1.5.线程优先级\1.5.线程优先级.csproj", "{4907E34E-C2FD-4912-9AA1-526F37FDBE7D}"
EndProject
Project("{FAE04EC0-301F-11D3-BF4B-00C04F79EFBC}") = "1.6.前后台线程", "1.6.前后台线程\1.6.前后台线程.csproj", "{131A39FE-9924-4CA0-8B00-2CBFAAEA7163}"
EndProject
Project("{FAE04EC0-301F-11D3-BF4B-00C04F79EFBC}") = "1.7.向线程传递参数", "1.7.向线程传递参数\1.7.向线程传递参数.csproj", "{76633936-F289-467E-AA8B-EA9F3BD004BB}"
EndProject
Project("{FAE04EC0-301F-11D3-BF4B-00C04F79EFBC}") = "1.8.Lock关键字", "1.8.Lock关键字\1.8.Lock关键字.csproj", "{52A200ED-C1E7-4613-8ACE-3F1912864EEE}"
EndProject
Project("{FAE04EC0-301F-11D3-BF4B-00C04F79EFBC}") = "1.9.使用Monitor类锁定资源", "1.9.使用Monitor类锁定资源\1.9.使用Monitor类锁定资源.csproj", "{702C730C-56EA-49AD-887D-092ED031922C}"
EndProject
Project("{2150E333-8FDC-42A3-9474-1A3956D46DE8}") = "02.线程同步", "02.线程同步", "{801C67FA-8B65-4361-B9F9-A77C7C2D4A6B}"
EndProject
Project("{9A19103F-16F7-4668-BE54-9A1E7A4F7556}") = "2.1.原子操作", "2.1.原子操作\2.1.原子操作.csproj", "{CACD5DC4-E0BF-4A42-ADC9-F437881AAF6A}"
EndProject
Project("{9A19103F-16F7-4668-BE54-9A1E7A4F7556}") = "2.2.使用Mutex类", "2.2.使用Mutex类\2.2.使用Mutex类.csproj", "{AFE25733-F707-4665-B4EC-FBCEE62245FF}"
EndProject
Project("{9A19103F-16F7-4668-BE54-9A1E7A4F7556}") = "2.3.使用SemaphoreSlim类", "2.3.使用SemaphoreSlim类\2.3.使用SemaphoreSlim类.csproj", "{161E0EA1-A7B5-4690-BB7E-39BAB60D2318}"
EndProject
Project("{9A19103F-16F7-4668-BE54-9A1E7A4F7556}") = "2.4.使用AutoResetEvent类", "2.4.使用AutoResetEvent类\2.4.使用AutoResetEvent类.csproj", "{B8FFCFB6-A6F6-4C5A-A023-F4C0CF971FAD}"
EndProject
Project("{9A19103F-16F7-4668-BE54-9A1E7A4F7556}") = "2.4.使用ManualResetEventSlim类", "2.4.使用ManualResetEventSlim类\2.4.使用ManualResetEventSlim类.csproj", "{2E3CE1A3-47AA-4CF2-9CA8-8921BC1E0814}"
EndProject
Project("{9A19103F-16F7-4668-BE54-9A1E7A4F7556}") = "2.5.使用CountdownEvent类", "2.5.使用CountdownEvent类\2.5.使用CountdownEvent类.csproj", "{061353E2-37B1-4B15-A045-D83C974FC7E2}"
EndProject
Project("{9A19103F-16F7-4668-BE54-9A1E7A4F7556}") = "2.6.使用Barrier类", "2.6.使用Barrier类\2.6.使用Barrier类.csproj", "{5F10D317-955E-4BEB-B03B-558593B93988}"
EndProject
Project("{9A19103F-16F7-4668-BE54-9A1E7A4F7556}") = "2.7.使用ReaderWriterLockSlim类", "2.7.使用ReaderWriterLockSlim类\2.7.使用ReaderWriterLockSlim类.csproj", "{943BD97E-B61A-42FA-82E5-743A58FD122F}"
EndProject
Project("{2150E333-8FDC-42A3-9474-1A3956D46DE8}") = "03.线程池", "03.线程池", "{66D7389E-9F5A-4C47-A2BB-7EBEAE948A35}"
EndProject
Project("{FAE04EC0-301F-11D3-BF4B-00C04F79EFBC}") = "3.1.在线程池中调用委托", "3.1.在线程池中调用委托\3.1.在线程池中调用委托.csproj", "{C8990495-9AA4-4920-9594-38E957BF2246}"
EndProject
Project("{FAE04EC0-301F-11D3-BF4B-00C04F79EFBC}") = "3.2.向线程池中放入异步操作", "3.2.向线程池中放入异步操作\3.2.向线程池中放入异步操作.csproj", "{B86E7C23-3D69-4FAA-B756-562D8F3E486C}"
EndProject
Project("{FAE04EC0-301F-11D3-BF4B-00C04F79EFBC}") = "3.3.线程池与并行度", "3.3.线程池与并行度\3.3.线程池与并行度.csproj", "{F693459D-978F-4264-A873-D9278690FEBD}"
EndProject
Project("{FAE04EC0-301F-11D3-BF4B-00C04F79EFBC}") = "3.4.取消异步操作", "3.4.取消异步操作\3.4.取消异步操作.csproj", "{D9E39152-6414-47F8-BC67-2276A725E383}"
EndProject
Project("{FAE04EC0-301F-11D3-BF4B-00C04F79EFBC}") = "3.5.在线程池中使用等待事件处理器及超时", "3.5.在线程池中使用等待事件处理器及超时\3.5.在线程池中使用等待事件处理器及超时.csproj", "{B384CD80-BB3C-4FEF-A3D9-1D66A1E8D63E}"
EndProject
Project("{2150E333-8FDC-42A3-9474-1A3956D46DE8}") = "04.任务并行库", "04.任务并行库", "{2D4D75BA-F9C1-4279-99BF-E7D6D2D3AC2C}"
EndProject
Project("{FAE04EC0-301F-11D3-BF4B-00C04F79EFBC}") = "4.1.创建任务", "4.1.创建任务\4.1.创建任务.csproj", "{04AC623A-F905-4970-9CCE-27EDA89A9021}"
EndProject
Project("{FAE04EC0-301F-11D3-BF4B-00C04F79EFBC}") = "4.2.从任务中获取结果", "4.2.从任务中获取结果\4.2.从任务中获取结果.csproj", "{A6CA19D0-895C-463D-B233-FE6524725DCE}"
EndProject
Project("{FAE04EC0-301F-11D3-BF4B-00C04F79EFBC}") = "4.3.组合任务", "4.3.组合任务\4.3.组合任务.csproj", "{C37424E6-5A77-4F33-86A2-8162E27D88CF}"
EndProject
Project("{FAE04EC0-301F-11D3-BF4B-00C04F79EFBC}") = "4.4.取消任务", "4.4.取消任务\4.4.取消任务.csproj", "{8CEA8BC3-4375-4995-AD71-C4378C268F8B}"
EndProject
Project("{FAE04EC0-301F-11D3-BF4B-00C04F79EFBC}") = "4.5.处理任务中的异常", "4.5.处理任务中的异常\4.5.处理任务中的异常.csproj", "{60563ADD-D78A-4C28-88C2-571AAAE92E63}"
EndProject
Project("{FAE04EC0-301F-11D3-BF4B-00C04F79EFBC}") = "4.6.并行运行任务", "4.6.并行运行任务\4.6.并行运行任务.csproj", "{B3794C94-A91A-4F12-9196-7F2D2873AE32}"
EndProject
Project("{2150E333-8FDC-42A3-9474-1A3956D46DE8}") = "05.async与await", "05.async与await", "{87B58276-FF31-4893-A7D8-F045E5494EE2}"
EndProject
Project("{FAE04EC0-301F-11D3-BF4B-00C04F79EFBC}") = "5.1.使用await操作符获取异步任务结果", "5.1.使用await操作符获取异步任务结果\5.1.使用await操作符获取异步任务结果.csproj", "{7C1D6CB3-898E-4A65-9009-3C8493CFD300}"
EndProject
Project("{FAE04EC0-301F-11D3-BF4B-00C04F79EFBC}") = "5.2.在lambda表达式中使用await操作符", "5.2.在lambda表达式中使用await操作符\5.2.在lambda表达式中使用await操作符.csproj", "{4EA5FA1D-FF81-412B-8ED4-1EA5D6100A7E}"
EndProject
Project("{FAE04EC0-301F-11D3-BF4B-00C04F79EFBC}") = "5.3.对连续的异步任务使用await操作符", "5.3.对连续的异步任务使用await操作符\5.3.对连续的异步任务使用await操作符.csproj", "{1D2C8918-8637-420C-A6B5-8D778437733E}"
EndProject
Project("{FAE04EC0-301F-11D3-BF4B-00C04F79EFBC}") = "5.4.对并行执行的异步任务使用await操作符", "5.4.对并行执行的异步任务使用await操作符\5.4.对并行执行的异步任务使用await操作符.csproj", "{A142D3B2-5216-4162-9572-CBDD4E096865}"
EndProject
Project("{FAE04EC0-301F-11D3-BF4B-00C04F79EFBC}") = "5.5.处理异步操作中的异常", "5.5.处理异步操作中的异常\5.5.处理异步操作中的异常.csproj", "{CF2EBCFD-1B9E-450A-A925-B9F1ADE019B8}"
EndProject
Project("{FAE04EC0-301F-11D3-BF4B-00C04F79EFBC}") = "4.7.使用TaskScheduler配置任务的执行", "4.7.使用TaskScheduler配置任务的执行\4.7.使用TaskScheduler配置任务的执行.csproj", "{448EBE49-E0CD-4D38-88C5-04ADA2FD6BA5}"
EndProject
Project("{FAE04EC0-301F-11D3-BF4B-00C04F79EFBC}") = "5.6.使用async_void方法", "5.6.使用async_void方法\5.6.使用async_void方法.csproj", "{96F2B91D-7E74-48A2-BE5A-B024E7BFD5F5}"
EndProject
Project("{FAE04EC0-301F-11D3-BF4B-00C04F79EFBC}") = "5.7.实现自定义的awaitable类型", "5.7.实现自定义的awaitable类型\5.7.实现自定义的awaitable类型.csproj", "{AB7EDFDD-B2F1-4250-9084-4EDEA1795FD1}"
EndProject
Project("{FAE04EC0-301F-11D3-BF4B-00C04F79EFBC}") = "5.8.对动态类型使用await", "5.8.对动态类型使用await\5.8.对动态类型使用await.csproj", "{91DE99D3-4BAA-4775-9573-14C5EAB1AF4F}"
EndProject
Project("{2150E333-8FDC-42A3-9474-1A3956D46DE8}") = "06.并发集合", "06.并发集合", "{D549E3FD-A0AE-4763-BFBF-3C700AA3142F}"
EndProject
Project("{FAE04EC0-301F-11D3-BF4B-00C04F79EFBC}") = "6.1.使用ConcurrentDictionary", "6.1.使用ConcurrentDictionary\6.1.使用ConcurrentDictionary.csproj", "{A1EC902B-0FF6-44C4-8EBC-31E798D9B9CF}"
EndProject
Project("{FAE04EC0-301F-11D3-BF4B-00C04F79EFBC}") = "6.2.使用ConcurrentQueue实现异步处理", "6.2.使用ConcurrentQueue实现异步处理\6.2.使用ConcurrentQueue实现异步处理.csproj", "{60E7ED24-183B-4DA8-A16B-86440FD55EE3}"
EndProject
Project("{FAE04EC0-301F-11D3-BF4B-00C04F79EFBC}") = "6.3.改变ConcurrentStack异步处理顺序", "6.3.改变ConcurrentStack异步处理顺序\6.3.改变ConcurrentStack异步处理顺序.csproj", "{10C6FF1E-54F0-4778-A83B-F5D2DB24A6B6}"
EndProject
Project("{FAE04EC0-301F-11D3-BF4B-00C04F79EFBC}") = "6.4.使用BlockingCollection进行异步处理", "6.4.使用BlockingCollection进行异步处理\6.4.使用BlockingCollection进行异步处理.csproj", "{0A03C4F4-6A6A-401D-B5C2-D30B698296E2}"
EndProject
Project("{2150E333-8FDC-42A3-9474-1A3956D46DE8}") = "07.使用PLINQ", "07.使用PLINQ", "{45D0E504-46A2-4FBE-8ECB-C27E0270960D}"
EndProject
Project("{FAE04EC0-301F-11D3-BF4B-00C04F79EFBC}") = "7.1.使用Parallel类", "7.1.使用Parallel类\7.1.使用Parallel类.csproj", "{D0517398-904B-4B1F-8416-77AE858BE167}"
EndProject
Project("{FAE04EC0-301F-11D3-BF4B-00C04F79EFBC}") = "7.2.并行化PLINQ查询", "7.2.并行化PLINQ查询\7.2.并行化PLINQ查询.csproj", "{A12E223C-9320-4A5A-9535-473E8BC8A544}"
EndProject
Project("{FAE04EC0-301F-11D3-BF4B-00C04F79EFBC}") = "7.3.调整PLINQ查询的参数", "7.3.调整PLINQ查询的参数\7.3.调整PLINQ查询的参数.csproj", "{ED126248-7605-4BFC-9A88-16F55ED95ED5}"
EndProject
Project("{FAE04EC0-301F-11D3-BF4B-00C04F79EFBC}") = "7.4.处理PLINQ查询中的异常", "7.4.处理PLINQ查询中的异常\7.4.处理PLINQ查询中的异常.csproj", "{DF37AE24-5F6E-44B7-B4A7-80C67773F837}"
EndProject
Project("{FAE04EC0-301F-11D3-BF4B-00C04F79EFBC}") = "7.5.管理PLINQ查询中的数据分区", "7.5.管理PLINQ查询中的数据分区\7.5.管理PLINQ查询中的数据分区.csproj", "{A08AC703-0598-4095-AB66-F3ADC3EC2B99}"
EndProject
Project("{FAE04EC0-301F-11D3-BF4B-00C04F79EFBC}") = "7.6.使用PLINQ查询的聚合", "7.6.使用PLINQ查询的聚合\7.6.使用PLINQ查询的聚合.csproj", "{688A5C0A-CDB7-42D2-87E3-B555A5D808A8}"
EndProject
Project("{2150E333-8FDC-42A3-9474-1A3956D46DE8}") = "08.使用ReactiveExtensions", "08.使用ReactiveExtensions", "{9C4E8C30-A34A-468F-8C4A-A4AA8D2C2576}"
EndProject
Project("{FAE04EC0-301F-11D3-BF4B-00C04F79EFBC}") = "8.1.将普通集合转换为异步的可观察集合", "8.1.将普通集合转换为异步的可观察集合\8.1.将普通集合转换为异步的可观察集合.csproj", "{82DEAE71-83B7-4F9E-9B40-EA25302371E4}"
EndProject
Project("{FAE04EC0-301F-11D3-BF4B-00C04F79EFBC}") = "8.2.编写自定义的可观察对象", "8.2.编写自定义的可观察对象\8.2.编写自定义的可观察对象.csproj", "{44A7B37E-ADCC-4BDB-A193-30A2CC7C2AC2}"
EndProject
Project("{2150E333-8FDC-42A3-9474-1A3956D46DE8}") = "09.使用异步IO", "09.使用异步IO", "{DB40F316-9E43-476D-8CB9-030711310BC1}"
EndProject
Project("{FAE04EC0-301F-11D3-BF4B-00C04F79EFBC}") = "9.1.异步的使用文件", "9.1.异步的使用文件\9.1.异步的使用文件.csproj", "{26D6173D-8E60-4E01-AD84-EAEDACE8ACF2}"
EndProject
Global
	GlobalSection(SolutionConfigurationPlatforms) = preSolution
		Debug|Any CPU = Debug|Any CPU
		Release|Any CPU = Release|Any CPU
	EndGlobalSection
	GlobalSection(ProjectConfigurationPlatforms) = postSolution
		{5D56DE36-9D22-424D-9487-198B4D51C144}.Debug|Any CPU.ActiveCfg = Debug|Any CPU
		{5D56DE36-9D22-424D-9487-198B4D51C144}.Debug|Any CPU.Build.0 = Debug|Any CPU
		{5D56DE36-9D22-424D-9487-198B4D51C144}.Release|Any CPU.ActiveCfg = Release|Any CPU
		{5D56DE36-9D22-424D-9487-198B4D51C144}.Release|Any CPU.Build.0 = Release|Any CPU
		{7A99B36F-1826-4841-874D-2D36B5D6482F}.Debug|Any CPU.ActiveCfg = Debug|Any CPU
		{7A99B36F-1826-4841-874D-2D36B5D6482F}.Debug|Any CPU.Build.0 = Debug|Any CPU
		{7A99B36F-1826-4841-874D-2D36B5D6482F}.Release|Any CPU.ActiveCfg = Release|Any CPU
		{7A99B36F-1826-4841-874D-2D36B5D6482F}.Release|Any CPU.Build.0 = Release|Any CPU
		{BE8D27C9-AECE-4B31-A8F7-45C7DC2D1AC1}.Debug|Any CPU.ActiveCfg = Debug|Any CPU
		{BE8D27C9-AECE-4B31-A8F7-45C7DC2D1AC1}.Debug|Any CPU.Build.0 = Debug|Any CPU
		{BE8D27C9-AECE-4B31-A8F7-45C7DC2D1AC1}.Release|Any CPU.ActiveCfg = Release|Any CPU
		{BE8D27C9-AECE-4B31-A8F7-45C7DC2D1AC1}.Release|Any CPU.Build.0 = Release|Any CPU
		{187D5D02-D9FA-4FE1-BF2B-C284181D94F7}.Debug|Any CPU.ActiveCfg = Debug|Any CPU
		{187D5D02-D9FA-4FE1-BF2B-C284181D94F7}.Debug|Any CPU.Build.0 = Debug|Any CPU
		{187D5D02-D9FA-4FE1-BF2B-C284181D94F7}.Release|Any CPU.ActiveCfg = Release|Any CPU
		{187D5D02-D9FA-4FE1-BF2B-C284181D94F7}.Release|Any CPU.Build.0 = Release|Any CPU
		{5B0E65AA-C6F7-4028-809B-D2F2461E5FC6}.Debug|Any CPU.ActiveCfg = Debug|Any CPU
		{5B0E65AA-C6F7-4028-809B-D2F2461E5FC6}.Debug|Any CPU.Build.0 = Debug|Any CPU
		{5B0E65AA-C6F7-4028-809B-D2F2461E5FC6}.Release|Any CPU.ActiveCfg = Release|Any CPU
		{5B0E65AA-C6F7-4028-809B-D2F2461E5FC6}.Release|Any CPU.Build.0 = Release|Any CPU
		{4907E34E-C2FD-4912-9AA1-526F37FDBE7D}.Debug|Any CPU.ActiveCfg = Debug|Any CPU
		{4907E34E-C2FD-4912-9AA1-526F37FDBE7D}.Debug|Any CPU.Build.0 = Debug|Any CPU
		{4907E34E-C2FD-4912-9AA1-526F37FDBE7D}.Release|Any CPU.ActiveCfg = Release|Any CPU
		{4907E34E-C2FD-4912-9AA1-526F37FDBE7D}.Release|Any CPU.Build.0 = Release|Any CPU
		{131A39FE-9924-4CA0-8B00-2CBFAAEA7163}.Debug|Any CPU.ActiveCfg = Debug|Any CPU
		{131A39FE-9924-4CA0-8B00-2CBFAAEA7163}.Debug|Any CPU.Build.0 = Debug|Any CPU
		{131A39FE-9924-4CA0-8B00-2CBFAAEA7163}.Release|Any CPU.ActiveCfg = Release|Any CPU
		{131A39FE-9924-4CA0-8B00-2CBFAAEA7163}.Release|Any CPU.Build.0 = Release|Any CPU
		{76633936-F289-467E-AA8B-EA9F3BD004BB}.Debug|Any CPU.ActiveCfg = Debug|Any CPU
		{76633936-F289-467E-AA8B-EA9F3BD004BB}.Debug|Any CPU.Build.0 = Debug|Any CPU
		{76633936-F289-467E-AA8B-EA9F3BD004BB}.Release|Any CPU.ActiveCfg = Release|Any CPU
		{76633936-F289-467E-AA8B-EA9F3BD004BB}.Release|Any CPU.Build.0 = Release|Any CPU
		{52A200ED-C1E7-4613-8ACE-3F1912864EEE}.Debug|Any CPU.ActiveCfg = Debug|Any CPU
		{52A200ED-C1E7-4613-8ACE-3F1912864EEE}.Debug|Any CPU.Build.0 = Debug|Any CPU
		{52A200ED-C1E7-4613-8ACE-3F1912864EEE}.Release|Any CPU.ActiveCfg = Release|Any CPU
		{52A200ED-C1E7-4613-8ACE-3F1912864EEE}.Release|Any CPU.Build.0 = Release|Any CPU
		{702C730C-56EA-49AD-887D-092ED031922C}.Debug|Any CPU.ActiveCfg = Debug|Any CPU
		{702C730C-56EA-49AD-887D-092ED031922C}.Debug|Any CPU.Build.0 = Debug|Any CPU
		{702C730C-56EA-49AD-887D-092ED031922C}.Release|Any CPU.ActiveCfg = Release|Any CPU
		{702C730C-56EA-49AD-887D-092ED031922C}.Release|Any CPU.Build.0 = Release|Any CPU
		{CACD5DC4-E0BF-4A42-ADC9-F437881AAF6A}.Debug|Any CPU.ActiveCfg = Debug|Any CPU
		{CACD5DC4-E0BF-4A42-ADC9-F437881AAF6A}.Debug|Any CPU.Build.0 = Debug|Any CPU
		{CACD5DC4-E0BF-4A42-ADC9-F437881AAF6A}.Release|Any CPU.ActiveCfg = Release|Any CPU
		{CACD5DC4-E0BF-4A42-ADC9-F437881AAF6A}.Release|Any CPU.Build.0 = Release|Any CPU
		{AFE25733-F707-4665-B4EC-FBCEE62245FF}.Debug|Any CPU.ActiveCfg = Debug|Any CPU
		{AFE25733-F707-4665-B4EC-FBCEE62245FF}.Debug|Any CPU.Build.0 = Debug|Any CPU
		{AFE25733-F707-4665-B4EC-FBCEE62245FF}.Release|Any CPU.ActiveCfg = Release|Any CPU
		{AFE25733-F707-4665-B4EC-FBCEE62245FF}.Release|Any CPU.Build.0 = Release|Any CPU
		{161E0EA1-A7B5-4690-BB7E-39BAB60D2318}.Debug|Any CPU.ActiveCfg = Debug|Any CPU
		{161E0EA1-A7B5-4690-BB7E-39BAB60D2318}.Debug|Any CPU.Build.0 = Debug|Any CPU
		{161E0EA1-A7B5-4690-BB7E-39BAB60D2318}.Release|Any CPU.ActiveCfg = Release|Any CPU
		{161E0EA1-A7B5-4690-BB7E-39BAB60D2318}.Release|Any CPU.Build.0 = Release|Any CPU
		{B8FFCFB6-A6F6-4C5A-A023-F4C0CF971FAD}.Debug|Any CPU.ActiveCfg = Debug|Any CPU
		{B8FFCFB6-A6F6-4C5A-A023-F4C0CF971FAD}.Debug|Any CPU.Build.0 = Debug|Any CPU
		{B8FFCFB6-A6F6-4C5A-A023-F4C0CF971FAD}.Release|Any CPU.ActiveCfg = Release|Any CPU
		{B8FFCFB6-A6F6-4C5A-A023-F4C0CF971FAD}.Release|Any CPU.Build.0 = Release|Any CPU
		{2E3CE1A3-47AA-4CF2-9CA8-8921BC1E0814}.Debug|Any CPU.ActiveCfg = Debug|Any CPU
		{2E3CE1A3-47AA-4CF2-9CA8-8921BC1E0814}.Debug|Any CPU.Build.0 = Debug|Any CPU
		{2E3CE1A3-47AA-4CF2-9CA8-8921BC1E0814}.Release|Any CPU.ActiveCfg = Release|Any CPU
		{2E3CE1A3-47AA-4CF2-9CA8-8921BC1E0814}.Release|Any CPU.Build.0 = Release|Any CPU
		{061353E2-37B1-4B15-A045-D83C974FC7E2}.Debug|Any CPU.ActiveCfg = Debug|Any CPU
		{061353E2-37B1-4B15-A045-D83C974FC7E2}.Debug|Any CPU.Build.0 = Debug|Any CPU
		{061353E2-37B1-4B15-A045-D83C974FC7E2}.Release|Any CPU.ActiveCfg = Release|Any CPU
		{061353E2-37B1-4B15-A045-D83C974FC7E2}.Release|Any CPU.Build.0 = Release|Any CPU
		{5F10D317-955E-4BEB-B03B-558593B93988}.Debug|Any CPU.ActiveCfg = Debug|Any CPU
		{5F10D317-955E-4BEB-B03B-558593B93988}.Debug|Any CPU.Build.0 = Debug|Any CPU
		{5F10D317-955E-4BEB-B03B-558593B93988}.Release|Any CPU.ActiveCfg = Release|Any CPU
		{5F10D317-955E-4BEB-B03B-558593B93988}.Release|Any CPU.Build.0 = Release|Any CPU
		{943BD97E-B61A-42FA-82E5-743A58FD122F}.Debug|Any CPU.ActiveCfg = Debug|Any CPU
		{943BD97E-B61A-42FA-82E5-743A58FD122F}.Debug|Any CPU.Build.0 = Debug|Any CPU
		{943BD97E-B61A-42FA-82E5-743A58FD122F}.Release|Any CPU.ActiveCfg = Release|Any CPU
		{943BD97E-B61A-42FA-82E5-743A58FD122F}.Release|Any CPU.Build.0 = Release|Any CPU
		{C8990495-9AA4-4920-9594-38E957BF2246}.Debug|Any CPU.ActiveCfg = Debug|Any CPU
		{C8990495-9AA4-4920-9594-38E957BF2246}.Debug|Any CPU.Build.0 = Debug|Any CPU
		{C8990495-9AA4-4920-9594-38E957BF2246}.Release|Any CPU.ActiveCfg = Release|Any CPU
		{C8990495-9AA4-4920-9594-38E957BF2246}.Release|Any CPU.Build.0 = Release|Any CPU
		{B86E7C23-3D69-4FAA-B756-562D8F3E486C}.Debug|Any CPU.ActiveCfg = Debug|Any CPU
		{B86E7C23-3D69-4FAA-B756-562D8F3E486C}.Debug|Any CPU.Build.0 = Debug|Any CPU
		{B86E7C23-3D69-4FAA-B756-562D8F3E486C}.Release|Any CPU.ActiveCfg = Release|Any CPU
		{B86E7C23-3D69-4FAA-B756-562D8F3E486C}.Release|Any CPU.Build.0 = Release|Any CPU
		{F693459D-978F-4264-A873-D9278690FEBD}.Debug|Any CPU.ActiveCfg = Debug|Any CPU
		{F693459D-978F-4264-A873-D9278690FEBD}.Debug|Any CPU.Build.0 = Debug|Any CPU
		{F693459D-978F-4264-A873-D9278690FEBD}.Release|Any CPU.ActiveCfg = Release|Any CPU
		{F693459D-978F-4264-A873-D9278690FEBD}.Release|Any CPU.Build.0 = Release|Any CPU
		{D9E39152-6414-47F8-BC67-2276A725E383}.Debug|Any CPU.ActiveCfg = Debug|Any CPU
		{D9E39152-6414-47F8-BC67-2276A725E383}.Debug|Any CPU.Build.0 = Debug|Any CPU
		{D9E39152-6414-47F8-BC67-2276A725E383}.Release|Any CPU.ActiveCfg = Release|Any CPU
		{D9E39152-6414-47F8-BC67-2276A725E383}.Release|Any CPU.Build.0 = Release|Any CPU
		{B384CD80-BB3C-4FEF-A3D9-1D66A1E8D63E}.Debug|Any CPU.ActiveCfg = Debug|Any CPU
		{B384CD80-BB3C-4FEF-A3D9-1D66A1E8D63E}.Debug|Any CPU.Build.0 = Debug|Any CPU
		{B384CD80-BB3C-4FEF-A3D9-1D66A1E8D63E}.Release|Any CPU.ActiveCfg = Release|Any CPU
		{B384CD80-BB3C-4FEF-A3D9-1D66A1E8D63E}.Release|Any CPU.Build.0 = Release|Any CPU
		{04AC623A-F905-4970-9CCE-27EDA89A9021}.Debug|Any CPU.ActiveCfg = Debug|Any CPU
		{04AC623A-F905-4970-9CCE-27EDA89A9021}.Debug|Any CPU.Build.0 = Debug|Any CPU
		{04AC623A-F905-4970-9CCE-27EDA89A9021}.Release|Any CPU.ActiveCfg = Release|Any CPU
		{04AC623A-F905-4970-9CCE-27EDA89A9021}.Release|Any CPU.Build.0 = Release|Any CPU
		{A6CA19D0-895C-463D-B233-FE6524725DCE}.Debug|Any CPU.ActiveCfg = Debug|Any CPU
		{A6CA19D0-895C-463D-B233-FE6524725DCE}.Debug|Any CPU.Build.0 = Debug|Any CPU
		{A6CA19D0-895C-463D-B233-FE6524725DCE}.Release|Any CPU.ActiveCfg = Release|Any CPU
		{A6CA19D0-895C-463D-B233-FE6524725DCE}.Release|Any CPU.Build.0 = Release|Any CPU
		{C37424E6-5A77-4F33-86A2-8162E27D88CF}.Debug|Any CPU.ActiveCfg = Debug|Any CPU
		{C37424E6-5A77-4F33-86A2-8162E27D88CF}.Debug|Any CPU.Build.0 = Debug|Any CPU
		{C37424E6-5A77-4F33-86A2-8162E27D88CF}.Release|Any CPU.ActiveCfg = Release|Any CPU
		{C37424E6-5A77-4F33-86A2-8162E27D88CF}.Release|Any CPU.Build.0 = Release|Any CPU
		{8CEA8BC3-4375-4995-AD71-C4378C268F8B}.Debug|Any CPU.ActiveCfg = Debug|Any CPU
		{8CEA8BC3-4375-4995-AD71-C4378C268F8B}.Debug|Any CPU.Build.0 = Debug|Any CPU
		{8CEA8BC3-4375-4995-AD71-C4378C268F8B}.Release|Any CPU.ActiveCfg = Release|Any CPU
		{8CEA8BC3-4375-4995-AD71-C4378C268F8B}.Release|Any CPU.Build.0 = Release|Any CPU
		{60563ADD-D78A-4C28-88C2-571AAAE92E63}.Debug|Any CPU.ActiveCfg = Debug|Any CPU
		{60563ADD-D78A-4C28-88C2-571AAAE92E63}.Debug|Any CPU.Build.0 = Debug|Any CPU
		{60563ADD-D78A-4C28-88C2-571AAAE92E63}.Release|Any CPU.ActiveCfg = Release|Any CPU
		{60563ADD-D78A-4C28-88C2-571AAAE92E63}.Release|Any CPU.Build.0 = Release|Any CPU
		{B3794C94-A91A-4F12-9196-7F2D2873AE32}.Debug|Any CPU.ActiveCfg = Debug|Any CPU
		{B3794C94-A91A-4F12-9196-7F2D2873AE32}.Debug|Any CPU.Build.0 = Debug|Any CPU
		{B3794C94-A91A-4F12-9196-7F2D2873AE32}.Release|Any CPU.ActiveCfg = Release|Any CPU
		{B3794C94-A91A-4F12-9196-7F2D2873AE32}.Release|Any CPU.Build.0 = Release|Any CPU
		{7C1D6CB3-898E-4A65-9009-3C8493CFD300}.Debug|Any CPU.ActiveCfg = Debug|Any CPU
		{7C1D6CB3-898E-4A65-9009-3C8493CFD300}.Debug|Any CPU.Build.0 = Debug|Any CPU
		{7C1D6CB3-898E-4A65-9009-3C8493CFD300}.Release|Any CPU.ActiveCfg = Release|Any CPU
		{7C1D6CB3-898E-4A65-9009-3C8493CFD300}.Release|Any CPU.Build.0 = Release|Any CPU
		{4EA5FA1D-FF81-412B-8ED4-1EA5D6100A7E}.Debug|Any CPU.ActiveCfg = Debug|Any CPU
		{4EA5FA1D-FF81-412B-8ED4-1EA5D6100A7E}.Debug|Any CPU.Build.0 = Debug|Any CPU
		{4EA5FA1D-FF81-412B-8ED4-1EA5D6100A7E}.Release|Any CPU.ActiveCfg = Release|Any CPU
		{4EA5FA1D-FF81-412B-8ED4-1EA5D6100A7E}.Release|Any CPU.Build.0 = Release|Any CPU
		{1D2C8918-8637-420C-A6B5-8D778437733E}.Debug|Any CPU.ActiveCfg = Debug|Any CPU
		{1D2C8918-8637-420C-A6B5-8D778437733E}.Debug|Any CPU.Build.0 = Debug|Any CPU
		{1D2C8918-8637-420C-A6B5-8D778437733E}.Release|Any CPU.ActiveCfg = Release|Any CPU
		{1D2C8918-8637-420C-A6B5-8D778437733E}.Release|Any CPU.Build.0 = Release|Any CPU
		{A142D3B2-5216-4162-9572-CBDD4E096865}.Debug|Any CPU.ActiveCfg = Debug|Any CPU
		{A142D3B2-5216-4162-9572-CBDD4E096865}.Debug|Any CPU.Build.0 = Debug|Any CPU
		{A142D3B2-5216-4162-9572-CBDD4E096865}.Release|Any CPU.ActiveCfg = Release|Any CPU
		{A142D3B2-5216-4162-9572-CBDD4E096865}.Release|Any CPU.Build.0 = Release|Any CPU
		{CF2EBCFD-1B9E-450A-A925-B9F1ADE019B8}.Debug|Any CPU.ActiveCfg = Debug|Any CPU
		{CF2EBCFD-1B9E-450A-A925-B9F1ADE019B8}.Debug|Any CPU.Build.0 = Debug|Any CPU
		{CF2EBCFD-1B9E-450A-A925-B9F1ADE019B8}.Release|Any CPU.ActiveCfg = Release|Any CPU
		{CF2EBCFD-1B9E-450A-A925-B9F1ADE019B8}.Release|Any CPU.Build.0 = Release|Any CPU
		{448EBE49-E0CD-4D38-88C5-04ADA2FD6BA5}.Debug|Any CPU.ActiveCfg = Debug|Any CPU
		{448EBE49-E0CD-4D38-88C5-04ADA2FD6BA5}.Debug|Any CPU.Build.0 = Debug|Any CPU
		{448EBE49-E0CD-4D38-88C5-04ADA2FD6BA5}.Release|Any CPU.ActiveCfg = Release|Any CPU
		{448EBE49-E0CD-4D38-88C5-04ADA2FD6BA5}.Release|Any CPU.Build.0 = Release|Any CPU
		{96F2B91D-7E74-48A2-BE5A-B024E7BFD5F5}.Debug|Any CPU.ActiveCfg = Debug|Any CPU
		{96F2B91D-7E74-48A2-BE5A-B024E7BFD5F5}.Debug|Any CPU.Build.0 = Debug|Any CPU
		{96F2B91D-7E74-48A2-BE5A-B024E7BFD5F5}.Release|Any CPU.ActiveCfg = Release|Any CPU
		{96F2B91D-7E74-48A2-BE5A-B024E7BFD5F5}.Release|Any CPU.Build.0 = Release|Any CPU
		{AB7EDFDD-B2F1-4250-9084-4EDEA1795FD1}.Debug|Any CPU.ActiveCfg = Debug|Any CPU
		{AB7EDFDD-B2F1-4250-9084-4EDEA1795FD1}.Debug|Any CPU.Build.0 = Debug|Any CPU
		{AB7EDFDD-B2F1-4250-9084-4EDEA1795FD1}.Release|Any CPU.ActiveCfg = Release|Any CPU
		{AB7EDFDD-B2F1-4250-9084-4EDEA1795FD1}.Release|Any CPU.Build.0 = Release|Any CPU
		{91DE99D3-4BAA-4775-9573-14C5EAB1AF4F}.Debug|Any CPU.ActiveCfg = Debug|Any CPU
		{91DE99D3-4BAA-4775-9573-14C5EAB1AF4F}.Debug|Any CPU.Build.0 = Debug|Any CPU
		{91DE99D3-4BAA-4775-9573-14C5EAB1AF4F}.Release|Any CPU.ActiveCfg = Release|Any CPU
		{91DE99D3-4BAA-4775-9573-14C5EAB1AF4F}.Release|Any CPU.Build.0 = Release|Any CPU
		{A1EC902B-0FF6-44C4-8EBC-31E798D9B9CF}.Debug|Any CPU.ActiveCfg = Debug|Any CPU
		{A1EC902B-0FF6-44C4-8EBC-31E798D9B9CF}.Debug|Any CPU.Build.0 = Debug|Any CPU
		{A1EC902B-0FF6-44C4-8EBC-31E798D9B9CF}.Release|Any CPU.ActiveCfg = Release|Any CPU
		{A1EC902B-0FF6-44C4-8EBC-31E798D9B9CF}.Release|Any CPU.Build.0 = Release|Any CPU
		{60E7ED24-183B-4DA8-A16B-86440FD55EE3}.Debug|Any CPU.ActiveCfg = Debug|Any CPU
		{60E7ED24-183B-4DA8-A16B-86440FD55EE3}.Debug|Any CPU.Build.0 = Debug|Any CPU
		{60E7ED24-183B-4DA8-A16B-86440FD55EE3}.Release|Any CPU.ActiveCfg = Release|Any CPU
		{60E7ED24-183B-4DA8-A16B-86440FD55EE3}.Release|Any CPU.Build.0 = Release|Any CPU
		{10C6FF1E-54F0-4778-A83B-F5D2DB24A6B6}.Debug|Any CPU.ActiveCfg = Debug|Any CPU
		{10C6FF1E-54F0-4778-A83B-F5D2DB24A6B6}.Debug|Any CPU.Build.0 = Debug|Any CPU
		{10C6FF1E-54F0-4778-A83B-F5D2DB24A6B6}.Release|Any CPU.ActiveCfg = Release|Any CPU
		{10C6FF1E-54F0-4778-A83B-F5D2DB24A6B6}.Release|Any CPU.Build.0 = Release|Any CPU
		{0A03C4F4-6A6A-401D-B5C2-D30B698296E2}.Debug|Any CPU.ActiveCfg = Debug|Any CPU
		{0A03C4F4-6A6A-401D-B5C2-D30B698296E2}.Debug|Any CPU.Build.0 = Debug|Any CPU
		{0A03C4F4-6A6A-401D-B5C2-D30B698296E2}.Release|Any CPU.ActiveCfg = Release|Any CPU
		{0A03C4F4-6A6A-401D-B5C2-D30B698296E2}.Release|Any CPU.Build.0 = Release|Any CPU
		{D0517398-904B-4B1F-8416-77AE858BE167}.Debug|Any CPU.ActiveCfg = Debug|Any CPU
		{D0517398-904B-4B1F-8416-77AE858BE167}.Debug|Any CPU.Build.0 = Debug|Any CPU
		{D0517398-904B-4B1F-8416-77AE858BE167}.Release|Any CPU.ActiveCfg = Release|Any CPU
		{D0517398-904B-4B1F-8416-77AE858BE167}.Release|Any CPU.Build.0 = Release|Any CPU
		{A12E223C-9320-4A5A-9535-473E8BC8A544}.Debug|Any CPU.ActiveCfg = Debug|Any CPU
		{A12E223C-9320-4A5A-9535-473E8BC8A544}.Debug|Any CPU.Build.0 = Debug|Any CPU
		{A12E223C-9320-4A5A-9535-473E8BC8A544}.Release|Any CPU.ActiveCfg = Release|Any CPU
		{A12E223C-9320-4A5A-9535-473E8BC8A544}.Release|Any CPU.Build.0 = Release|Any CPU
		{ED126248-7605-4BFC-9A88-16F55ED95ED5}.Debug|Any CPU.ActiveCfg = Debug|Any CPU
		{ED126248-7605-4BFC-9A88-16F55ED95ED5}.Debug|Any CPU.Build.0 = Debug|Any CPU
		{ED126248-7605-4BFC-9A88-16F55ED95ED5}.Release|Any CPU.ActiveCfg = Release|Any CPU
		{ED126248-7605-4BFC-9A88-16F55ED95ED5}.Release|Any CPU.Build.0 = Release|Any CPU
		{DF37AE24-5F6E-44B7-B4A7-80C67773F837}.Debug|Any CPU.ActiveCfg = Debug|Any CPU
		{DF37AE24-5F6E-44B7-B4A7-80C67773F837}.Debug|Any CPU.Build.0 = Debug|Any CPU
		{DF37AE24-5F6E-44B7-B4A7-80C67773F837}.Release|Any CPU.ActiveCfg = Release|Any CPU
		{DF37AE24-5F6E-44B7-B4A7-80C67773F837}.Release|Any CPU.Build.0 = Release|Any CPU
		{A08AC703-0598-4095-AB66-F3ADC3EC2B99}.Debug|Any CPU.ActiveCfg = Debug|Any CPU
		{A08AC703-0598-4095-AB66-F3ADC3EC2B99}.Debug|Any CPU.Build.0 = Debug|Any CPU
		{A08AC703-0598-4095-AB66-F3ADC3EC2B99}.Release|Any CPU.ActiveCfg = Release|Any CPU
		{A08AC703-0598-4095-AB66-F3ADC3EC2B99}.Release|Any CPU.Build.0 = Release|Any CPU
		{688A5C0A-CDB7-42D2-87E3-B555A5D808A8}.Debug|Any CPU.ActiveCfg = Debug|Any CPU
		{688A5C0A-CDB7-42D2-87E3-B555A5D808A8}.Debug|Any CPU.Build.0 = Debug|Any CPU
		{688A5C0A-CDB7-42D2-87E3-B555A5D808A8}.Release|Any CPU.ActiveCfg = Release|Any CPU
		{688A5C0A-CDB7-42D2-87E3-B555A5D808A8}.Release|Any CPU.Build.0 = Release|Any CPU
		{82DEAE71-83B7-4F9E-9B40-EA25302371E4}.Debug|Any CPU.ActiveCfg = Debug|Any CPU
		{82DEAE71-83B7-4F9E-9B40-EA25302371E4}.Debug|Any CPU.Build.0 = Debug|Any CPU
		{82DEAE71-83B7-4F9E-9B40-EA25302371E4}.Release|Any CPU.ActiveCfg = Release|Any CPU
		{82DEAE71-83B7-4F9E-9B40-EA25302371E4}.Release|Any CPU.Build.0 = Release|Any CPU
		{44A7B37E-ADCC-4BDB-A193-30A2CC7C2AC2}.Debug|Any CPU.ActiveCfg = Debug|Any CPU
		{44A7B37E-ADCC-4BDB-A193-30A2CC7C2AC2}.Debug|Any CPU.Build.0 = Debug|Any CPU
		{44A7B37E-ADCC-4BDB-A193-30A2CC7C2AC2}.Release|Any CPU.ActiveCfg = Release|Any CPU
		{44A7B37E-ADCC-4BDB-A193-30A2CC7C2AC2}.Release|Any CPU.Build.0 = Release|Any CPU
		{26D6173D-8E60-4E01-AD84-EAEDACE8ACF2}.Debug|Any CPU.ActiveCfg = Debug|Any CPU
		{26D6173D-8E60-4E01-AD84-EAEDACE8ACF2}.Debug|Any CPU.Build.0 = Debug|Any CPU
		{26D6173D-8E60-4E01-AD84-EAEDACE8ACF2}.Release|Any CPU.ActiveCfg = Release|Any CPU
		{26D6173D-8E60-4E01-AD84-EAEDACE8ACF2}.Release|Any CPU.Build.0 = Release|Any CPU
	EndGlobalSection
	GlobalSection(SolutionProperties) = preSolution
		HideSolutionNode = FALSE
	EndGlobalSection
	GlobalSection(NestedProjects) = preSolution
		{5D56DE36-9D22-424D-9487-198B4D51C144} = {80108EF0-9C71-42B8-B420-534FA6868A8A}
		{7A99B36F-1826-4841-874D-2D36B5D6482F} = {80108EF0-9C71-42B8-B420-534FA6868A8A}
		{187D5D02-D9FA-4FE1-BF2B-C284181D94F7} = {80108EF0-9C71-42B8-B420-534FA6868A8A}
		{5B0E65AA-C6F7-4028-809B-D2F2461E5FC6} = {80108EF0-9C71-42B8-B420-534FA6868A8A}
		{4907E34E-C2FD-4912-9AA1-526F37FDBE7D} = {80108EF0-9C71-42B8-B420-534FA6868A8A}
		{131A39FE-9924-4CA0-8B00-2CBFAAEA7163} = {80108EF0-9C71-42B8-B420-534FA6868A8A}
		{76633936-F289-467E-AA8B-EA9F3BD004BB} = {80108EF0-9C71-42B8-B420-534FA6868A8A}
		{52A200ED-C1E7-4613-8ACE-3F1912864EEE} = {80108EF0-9C71-42B8-B420-534FA6868A8A}
		{702C730C-56EA-49AD-887D-092ED031922C} = {80108EF0-9C71-42B8-B420-534FA6868A8A}
		{CACD5DC4-E0BF-4A42-ADC9-F437881AAF6A} = {801C67FA-8B65-4361-B9F9-A77C7C2D4A6B}
		{AFE25733-F707-4665-B4EC-FBCEE62245FF} = {801C67FA-8B65-4361-B9F9-A77C7C2D4A6B}
		{161E0EA1-A7B5-4690-BB7E-39BAB60D2318} = {801C67FA-8B65-4361-B9F9-A77C7C2D4A6B}
		{B8FFCFB6-A6F6-4C5A-A023-F4C0CF971FAD} = {801C67FA-8B65-4361-B9F9-A77C7C2D4A6B}
		{2E3CE1A3-47AA-4CF2-9CA8-8921BC1E0814} = {801C67FA-8B65-4361-B9F9-A77C7C2D4A6B}
		{061353E2-37B1-4B15-A045-D83C974FC7E2} = {801C67FA-8B65-4361-B9F9-A77C7C2D4A6B}
		{5F10D317-955E-4BEB-B03B-558593B93988} = {801C67FA-8B65-4361-B9F9-A77C7C2D4A6B}
		{943BD97E-B61A-42FA-82E5-743A58FD122F} = {801C67FA-8B65-4361-B9F9-A77C7C2D4A6B}
		{C8990495-9AA4-4920-9594-38E957BF2246} = {66D7389E-9F5A-4C47-A2BB-7EBEAE948A35}
		{B86E7C23-3D69-4FAA-B756-562D8F3E486C} = {66D7389E-9F5A-4C47-A2BB-7EBEAE948A35}
		{F693459D-978F-4264-A873-D9278690FEBD} = {66D7389E-9F5A-4C47-A2BB-7EBEAE948A35}
		{D9E39152-6414-47F8-BC67-2276A725E383} = {66D7389E-9F5A-4C47-A2BB-7EBEAE948A35}
		{B384CD80-BB3C-4FEF-A3D9-1D66A1E8D63E} = {66D7389E-9F5A-4C47-A2BB-7EBEAE948A35}
		{04AC623A-F905-4970-9CCE-27EDA89A9021} = {2D4D75BA-F9C1-4279-99BF-E7D6D2D3AC2C}
		{A6CA19D0-895C-463D-B233-FE6524725DCE} = {2D4D75BA-F9C1-4279-99BF-E7D6D2D3AC2C}
		{C37424E6-5A77-4F33-86A2-8162E27D88CF} = {2D4D75BA-F9C1-4279-99BF-E7D6D2D3AC2C}
		{8CEA8BC3-4375-4995-AD71-C4378C268F8B} = {2D4D75BA-F9C1-4279-99BF-E7D6D2D3AC2C}
		{60563ADD-D78A-4C28-88C2-571AAAE92E63} = {2D4D75BA-F9C1-4279-99BF-E7D6D2D3AC2C}
		{B3794C94-A91A-4F12-9196-7F2D2873AE32} = {2D4D75BA-F9C1-4279-99BF-E7D6D2D3AC2C}
		{7C1D6CB3-898E-4A65-9009-3C8493CFD300} = {87B58276-FF31-4893-A7D8-F045E5494EE2}
		{4EA5FA1D-FF81-412B-8ED4-1EA5D6100A7E} = {87B58276-FF31-4893-A7D8-F045E5494EE2}
		{1D2C8918-8637-420C-A6B5-8D778437733E} = {87B58276-FF31-4893-A7D8-F045E5494EE2}
		{A142D3B2-5216-4162-9572-CBDD4E096865} = {87B58276-FF31-4893-A7D8-F045E5494EE2}
		{CF2EBCFD-1B9E-450A-A925-B9F1ADE019B8} = {87B58276-FF31-4893-A7D8-F045E5494EE2}
		{448EBE49-E0CD-4D38-88C5-04ADA2FD6BA5} = {2D4D75BA-F9C1-4279-99BF-E7D6D2D3AC2C}
		{96F2B91D-7E74-48A2-BE5A-B024E7BFD5F5} = {87B58276-FF31-4893-A7D8-F045E5494EE2}
		{AB7EDFDD-B2F1-4250-9084-4EDEA1795FD1} = {87B58276-FF31-4893-A7D8-F045E5494EE2}
		{91DE99D3-4BAA-4775-9573-14C5EAB1AF4F} = {87B58276-FF31-4893-A7D8-F045E5494EE2}
		{A1EC902B-0FF6-44C4-8EBC-31E798D9B9CF} = {D549E3FD-A0AE-4763-BFBF-3C700AA3142F}
		{60E7ED24-183B-4DA8-A16B-86440FD55EE3} = {D549E3FD-A0AE-4763-BFBF-3C700AA3142F}
		{10C6FF1E-54F0-4778-A83B-F5D2DB24A6B6} = {D549E3FD-A0AE-4763-BFBF-3C700AA3142F}
		{0A03C4F4-6A6A-401D-B5C2-D30B698296E2} = {D549E3FD-A0AE-4763-BFBF-3C700AA3142F}
		{D0517398-904B-4B1F-8416-77AE858BE167} = {45D0E504-46A2-4FBE-8ECB-C27E0270960D}
		{A12E223C-9320-4A5A-9535-473E8BC8A544} = {45D0E504-46A2-4FBE-8ECB-C27E0270960D}
		{ED126248-7605-4BFC-9A88-16F55ED95ED5} = {45D0E504-46A2-4FBE-8ECB-C27E0270960D}
		{DF37AE24-5F6E-44B7-B4A7-80C67773F837} = {45D0E504-46A2-4FBE-8ECB-C27E0270960D}
		{A08AC703-0598-4095-AB66-F3ADC3EC2B99} = {45D0E504-46A2-4FBE-8ECB-C27E0270960D}
		{688A5C0A-CDB7-42D2-87E3-B555A5D808A8} = {45D0E504-46A2-4FBE-8ECB-C27E0270960D}
		{82DEAE71-83B7-4F9E-9B40-EA25302371E4} = {9C4E8C30-A34A-468F-8C4A-A4AA8D2C2576}
		{44A7B37E-ADCC-4BDB-A193-30A2CC7C2AC2} = {9C4E8C30-A34A-468F-8C4A-A4AA8D2C2576}
		{26D6173D-8E60-4E01-AD84-EAEDACE8ACF2} = {DB40F316-9E43-476D-8CB9-030711310BC1}
	EndGlobalSection
	GlobalSection(ExtensibilityGlobals) = postSolution
		SolutionGuid = {011E5A01-B965-4678-9853-8C1EC27C560E}
	EndGlobalSection
EndGlobal
