
Microsoft Visual Studio Solution File, Format Version 12.00
# Visual Studio 15
VisualStudioVersion = 15.0.27520.0
MinimumVisualStudioVersion = 10.0.40219.1
Project("{2150E333-8FDC-42A3-9474-1A3956D46DE8}") = "01.线程基础", "01.线程基础", "{80108EF0-9C71-42B8-B420-534FA6868A8A}"
EndProject
Project("{FAE04EC0-301F-11D3-BF4B-00C04F79EFBC}") = "1.1.暂停线程", "1.1.暂停线程\1.1.暂停线程.csproj", "{5D56DE36-9D22-424D-9487-198B4D51C144}"
EndProject
Global
	GlobalSection(SolutionConfigurationPlatforms) = preSolution
		Debug|Any CPU = Debug|Any CPU
		Release|Any CPU = Release|Any CPU
	EndGlobalSection
	GlobalSection(ProjectConfigurationPlatforms) = postSolution
		{5D56DE36-9D22-424D-9487-198B4D51C144}.Debug|Any CPU.ActiveCfg = Debug|Any CPU
		{5D56DE36-9D22-424D-9487-198B4D51C144}.Debug|Any CPU.Build.0 = Debug|Any CPU
		{5D56DE36-9D22-424D-9487-198B4D51C144}.Release|Any CPU.ActiveCfg = Release|Any CPU
		{5D56DE36-9D22-424D-9487-198B4D51C144}.Release|Any CPU.Build.0 = Release|Any CPU
	EndGlobalSection
	GlobalSection(SolutionProperties) = preSolution
		HideSolutionNode = FALSE
	EndGlobalSection
	GlobalSection(NestedProjects) = preSolution
		{5D56DE36-9D22-424D-9487-198B4D51C144} = {80108EF0-9C71-42B8-B420-534FA6868A8A}
	EndGlobalSection
	GlobalSection(ExtensibilityGlobals) = postSolution
		SolutionGuid = {011E5A01-B965-4678-9853-8C1EC27C560E}
	EndGlobalSection
EndGlobal
